
Microsoft Visual Studio Solution File, Format Version 12.00
# Visual Studio Version 17
VisualStudioVersion = 17.0.31903.59
MinimumVisualStudioVersion = 10.0.40219.1
Project("{FAE04EC0-301F-11D3-BF4B-00C04F79EFBC}") = "ConsoleTsp", "ConsoleTsp\ConsoleTsp.csproj", "{2A14EBD0-DDF3-49E0-A20E-92A9A7C840BC}"
EndProject
Global
	GlobalSection(SolutionConfigurationPlatforms) = preSolution
		Debug|Any CPU = Debug|Any CPU
		Release|Any CPU = Release|Any CPU
	EndGlobalSection
	GlobalSection(SolutionProperties) = preSolution
		HideSolutionNode = FALSE
	EndGlobalSection
	GlobalSection(ProjectConfigurationPlatforms) = postSolution
		{2A14EBD0-DDF3-49E0-A20E-92A9A7C840BC}.Debug|Any CPU.ActiveCfg = Debug|Any CPU
		{2A14EBD0-DDF3-49E0-A20E-92A9A7C840BC}.Debug|Any CPU.Build.0 = Debug|Any CPU
		{2A14EBD0-DDF3-49E0-A20E-92A9A7C840BC}.Release|Any CPU.ActiveCfg = Release|Any CPU
		{2A14EBD0-DDF3-49E0-A20E-92A9A7C840BC}.Release|Any CPU.Build.0 = Release|Any CPU
	EndGlobalSection
EndGlobal
